github.com/lib/pq v1.12.3 h1:tTWxr2YLKwIvK90ZXEw8GP7UFHtcbTtty8zsI+YjrfQ=
github.com/lib/pq v1.12.3/go.mod h1:/p+8NSbOcwzAEI7wiMXFlgydTwcgTr3OSKMsD2BitpA=
github.com/mattn/go-sqlite3 v1.14.52 h1:wVbm2Qnf4OXkqhBTSPuCRZDRnxfbVrrmiCEroVdog8U=
github.com/mattn/go-sqlite3 v1.14.52/go.mod h1:6JTjA44L93a0QCyJef5YvlPoKXntQPjzWv5gtm9sB6w=
golang.org/x/crypto v0.33.0 h1:IOBPskki6Lysi0lo9qQvbxiQ+FvsCC/YWOecCHAixus=
golang.org/x/crypto v0.33.0/go.mod h1:bVdXmD7IV/4GdElGPozy6U7lWdRXA4qyRVGJV57uQ5M=
